
Microsoft Visual Studio Solution File, Format Version 12.00
# Visual Studio Version 17
VisualStudioVersion = 17.11.35312.102
MinimumVisualStudioVersion = 10.0.40219.1
Project("{FAE04EC0-301F-11D3-BF4B-00C04F79EFBC}") = "Serilog.WebApp", "Serilog.WebApp.csproj", "{6B91AAE2-AE18-4675-A7FE-1FC9D58E31E3}"
EndProject
Global
	GlobalSection(SolutionConfigurationPlatforms) = preSolution
		Debug|Any CPU = Debug|Any CPU
		Release|Any CPU = Release|Any CPU
	EndGlobalSection
	GlobalSection(ProjectConfigurationPlatforms) = postSolution
		{6B91AAE2-AE18-4675-A7FE-1FC9D58E31E3}.Debug|Any CPU.ActiveCfg = Debug|Any CPU
		{6B91AAE2-AE18-4675-A7FE-1FC9D58E31E3}.Debug|Any CPU.Build.0 = Debug|Any CPU
		{6B91AAE2-AE18-4675-A7FE-1FC9D58E31E3}.Release|Any CPU.ActiveCfg = Release|Any CPU
		{6B91AAE2-AE18-4675-A7FE-1FC9D58E31E3}.Release|Any CPU.Build.0 = Release|Any CPU
	EndGlobalSection
	GlobalSection(SolutionProperties) = preSolution
		HideSolutionNode = FALSE
	EndGlobalSection
	GlobalSection(ExtensibilityGlobals) = postSolution
		SolutionGuid = {CD765707-721A-44D2-8F63-2B69A533728A}
	EndGlobalSection
EndGlobal
