
Microsoft Visual Studio Solution File, Format Version 12.00
# Visual Studio Version 17
VisualStudioVersion = 17.11.35312.102
MinimumVisualStudioVersion = 10.0.40219.1
Project("{FAE04EC0-301F-11D3-BF4B-00C04F79EFBC}") = "KissLogExample.AspNet.WebApi", "KissLogExample.AspNet.WebApi.csproj", "{9751A03E-9541-459F-9028-728E84AEEAAB}"
EndProject
Global
	GlobalSection(SolutionConfigurationPlatforms) = preSolution
		Debug|Any CPU = Debug|Any CPU
		Release|Any CPU = Release|Any CPU
	EndGlobalSection
	GlobalSection(ProjectConfigurationPlatforms) = postSolution
		{9751A03E-9541-459F-9028-728E84AEEAAB}.Debug|Any CPU.ActiveCfg = Debug|Any CPU
		{9751A03E-9541-459F-9028-728E84AEEAAB}.Debug|Any CPU.Build.0 = Debug|Any CPU
		{9751A03E-9541-459F-9028-728E84AEEAAB}.Release|Any CPU.ActiveCfg = Release|Any CPU
		{9751A03E-9541-459F-9028-728E84AEEAAB}.Release|Any CPU.Build.0 = Release|Any CPU
	EndGlobalSection
	GlobalSection(SolutionProperties) = preSolution
		HideSolutionNode = FALSE
	EndGlobalSection
	GlobalSection(ExtensibilityGlobals) = postSolution
		SolutionGuid = {AAE60C71-D6A2-45A0-884C-098A655F3420}
	EndGlobalSection
EndGlobal
